// !$*UTF8*$!
{
	archiveVersion = 1;
	classes = {
	};
	objectVersion = 52;
	objects = {

/* Begin PBXBuildFile section */
		A437BA24262D361E0052B43F /* AppDelegate.swift in Sources */ = {isa = PBXBuildFile; fileRef = A437BA23262D361E0052B43F /* AppDelegate.swift */; };
		A437BA26262D361E0052B43F /* SceneDelegate.swift in Sources */ = {isa = PBXBuildFile; fileRef = A437BA25262D361E0052B43F /* SceneDelegate.swift */; };
		A437BA28262D361E0052B43F /* ContentView.swift in Sources */ = {isa = PBXBuildFile; fileRef = A437BA27262D361E0052B43F /* ContentView.swift */; };
		A437BA2B262D361E0052B43F /* MovieAPI.xcdatamodeld in Sources */ = {isa = PBXBuildFile; fileRef = A437BA29262D361E0052B43F /* MovieAPI.xcdatamodeld */; };
		A437BA2D262D361E0052B43F /* Assets.xcassets in Resources */ = {isa = PBXBuildFile; fileRef = A437BA2C262D361E0052B43F /* Assets.xcassets */; };
		A437BA30262D361E0052B43F /* Preview Assets.xcassets in Resources */ = {isa = PBXBuildFile; fileRef = A437BA2F262D361E0052B43F /* Preview Assets.xcassets */; };
		A437BA33262D361E0052B43F /* LaunchScreen.storyboard in Resources */ = {isa = PBXBuildFile; fileRef = A437BA31262D361E0052B43F /* LaunchScreen.storyboard */; };
		A437BA3D262D39240052B43F /* SwiftyJSON in Frameworks */ = {isa = PBXBuildFile; productRef = A437BA3C262D39240052B43F /* SwiftyJSON */; };
		A437BA41262D55680052B43F /* SDWebImageSwiftUI in Frameworks */ = {isa = PBXBuildFile; productRef = A437BA40262D55680052B43F /* SDWebImageSwiftUI */; };
/* End PBXBuildFile section */

/* Begin PBXFileReference section */
		A437BA20262D361E0052B43F /* MovieAPI.app */ = {isa = PBXFileReference; explicitFileType = wrapper.application; includeInIndex = 0; path = MovieAPI.app; sourceTree = BUILT_PRODUCTS_DIR; };
		A437BA23262D361E0052B43F /* AppDelegate.swift */ = {isa = PBXFileReference; lastKnownFileType = sourcecode.swift; path = AppDelegate.swift; sourceTree = "<group>"; };
		A437BA25262D361E0052B43F /* SceneDelegate.swift */ = {isa = PBXFileReference; lastKnownFileType = sourcecode.swift; path = SceneDelegate.swift; sourceTree = "<group>"; };
		A437BA27262D361E0052B43F /* ContentView.swift */ = {isa = PBXFileReference; lastKnownFileType = sourcecode.swift; path = ContentView.swift; sourceTree = "<group>"; };
		A437BA2A262D361E0052B43F /* MovieAPI.xcdatamodel */ = {isa = PBXFileReference; lastKnownFileType = wrapper.xcdatamodel; path = MovieAPI.xcdatamodel; sourceTree = "<group>"; };
		A437BA2C262D361E0052B43F /* Assets.xcassets */ = {isa = PBXFileReference; lastKnownFileType = folder.assetcatalog; path = Assets.xcassets; sourceTree = "<group>"; };
		A437BA2F262D361E0052B43F /* Preview Assets.xcassets */ = {isa = PBXFileReference; lastKnownFileType = folder.assetcatalog; path = "Preview Assets.xcassets"; sourceTree = "<group>"; };
		A437BA32262D361E0052B43F /* Base */ = {isa = PBXFileReference; lastKnownFileType = file.storyboard; name = Base; path = Base.lproj/LaunchScreen.storyboard; sourceTree = "<group>"; };
		A437BA34262D361E0052B43F /* Info.plist */ = {isa = PBXFileReference; lastKnownFileType = text.plist.xml; path = Info.plist; sourceTree = "<group>"; };
/* End PBXFileReference section */

/* Begin PBXFrameworksBuildPhase section */
		A437BA1D262D361E0052B43F /* Frameworks */ = {
			isa = PBXFrameworksBuildPhase;
			buildActionMask = 2147483647;
			files = (
				A437BA41262D55680052B43F /* SDWebImageSwiftUI in Frameworks */,
				A437BA3D262D39240052B43F /* SwiftyJSON in Frameworks */,
			);
			runOnlyForDeploymentPostprocessing = 0;
		};
/* End PBXFrameworksBuildPhase section */

/* Begin PBXGroup section */
		A437BA17262D361E0052B43F = {
			isa = PBXGroup;
			children = (
				A437BA22262D361E0052B43F /* MovieAPI */,
				A437BA21262D361E0052B43F /* Products */,
			);
			sourceTree = "<group>";
		};
		A437BA21262D361E0052B43F /* Products */ = {
			isa = PBXGroup;
			children = (
				A437BA20262D361E0052B43F /* MovieAPI.app */,
			);
			name = Products;
			sourceTree = "<group>";
		};
		A437BA22262D361E0052B43F /* MovieAPI */ = {
			isa = PBXGroup;
			children = (
				A437BA23262D361E0052B43F /* AppDelegate.swift */,
				A437BA25262D361E0052B43F /* SceneDelegate.swift */,
				A437BA27262D361E0052B43F /* ContentView.swift */,
				A437BA2C262D361E0052B43F /* Assets.xcassets */,
				A437BA31262D361E0052B43F /* LaunchScreen.storyboard */,
				A437BA34262D361E0052B43F /* Info.plist */,
				A437BA29262D361E0052B43F /* MovieAPI.xcdatamodeld */,
				A437BA2E262D361E0052B43F /* Preview Content */,
			);
			path = MovieAPI;
			sourceTree = "<group>";
		};
		A437BA2E262D361E0052B43F /* Preview Content */ = {
			isa = PBXGroup;
			children = (
				A437BA2F262D361E0052B43F /* Preview Assets.xcassets */,
			);
			path = "Preview Content";
			sourceTree = "<group>";
		};
/* End PBXGroup section */

/* Begin PBXNativeTarget section */
		A437BA1F262D361E0052B43F /* MovieAPI */ = {
			isa = PBXNativeTarget;
			buildConfigurationList = A437BA37262D361E0052B43F /* Build configuration list for PBXNativeTarget "MovieAPI" */;
			buildPhases = (
				A437BA1C262D361E0052B43F /* Sources */,
				A437BA1D262D361E0052B43F /* Frameworks */,
				A437BA1E262D361E0052B43F /* Resources */,
			);
			buildRules = (
			);
			dependencies = (
			);
			name = MovieAPI;
			packageProductDependencies = (
				A437BA3C262D39240052B43F /* SwiftyJSON */,
				A437BA40262D55680052B43F /* SDWebImageSwiftUI */,
			);
			productName = MovieAPI;
			productReference = A437BA20262D361E0052B43F /* MovieAPI.app */;
			productType = "com.apple.product-type.application";
		};
/* End PBXNativeTarget section */

/* Begin PBXProject section */
		A437BA18262D361E0052B43F /* Project object */ = {
			isa = PBXProject;
			attributes = {
				LastSwiftUpdateCheck = 1240;
				LastUpgradeCheck = 1240;
				TargetAttributes = {
					A437BA1F262D361E0052B43F = {
						CreatedOnToolsVersion = 12.4;
					};
				};
			};
			buildConfigurationList = A437BA1B262D361E0052B43F /* Build configuration list for PBXProject "MovieAPI" */;
			compatibilityVersion = "Xcode 9.3";
			developmentRegion = en;
			hasScannedForEncodings = 0;
			knownRegions = (
				en,
				Base,
			);
			mainGroup = A437BA17262D361E0052B43F;
			packageReferences = (
				A437BA3B262D39240052B43F /* XCRemoteSwiftPackageReference "SwiftyJSON" */,
				A437BA3F262D55680052B43F /* XCRemoteSwiftPackageReference "SDWebImageSwiftUI" */,
			);
			productRefGroup = A437BA21262D361E0052B43F /* Products */;
			projectDirPath = "";
			projectRoot = "";
			targets = (
				A437BA1F262D361E0052B43F /* MovieAPI */,
			);
		};
/* End PBXProject section */

/* Begin PBXResourcesBuildPhase section */
		A437BA1E262D361E0052B43F /* Resources */ = {
			isa = PBXResourcesBuildPhase;
			buildActionMask = 2147483647;
			files = (
				A437BA33262D361E0052B43F /* LaunchScreen.storyboard in Resources */,
				A437BA30262D361E0052B43F /* Preview Assets.xcassets in Resources */,
				A437BA2D262D361E0052B43F /* Assets.xcassets in Resources */,
			);
			runOnlyForDeploymentPostprocessing = 0;
		};
/* End PBXResourcesBuildPhase section */

/* Begin PBXSourcesBuildPhase section */
		A437BA1C262D361E0052B43F /* Sources */ = {
			isa = PBXSourcesBuildPhase;
			buildActionMask = 2147483647;
			files = (
				A437BA24262D361E0052B43F /* AppDelegate.swift in Sources */,
				A437BA26262D361E0052B43F /* SceneDelegate.swift in Sources */,
				A437BA28262D361E0052B43F /* ContentView.swift in Sources */,
				A437BA2B262D361E0052B43F /* MovieAPI.xcdatamodeld in Sources */,
			);
			runOnlyForDeploymentPostprocessing = 0;
		};
/* End PBXSourcesBuildPhase section */

/* Begin PBXVariantGroup section */
		A437BA31262D361E0052B43F /* LaunchScreen.storyboard */ = {
			isa = PBXVariantGroup;
			children = (
				A437BA32262D361E0052B43F /* Base */,
			);
			name = LaunchScreen.storyboard;
			sourceTree = "<group>";
		};
/* End PBXVariantGroup section */

/* Begin XCBuildConfiguration section */
		A437BA35262D361E0052B43F /* Debug */ = {
			isa = XCBuildConfiguration;
			buildSettings = {
				ALWAYS_SEARCH_USER_PATHS = NO;
				CLANG_ANALYZER_NONNULL = YES;
				CLANG_ANALYZER_NUMBER_OBJECT_CONVERSION = YES_AGGRESSIVE;
				CLANG_CXX_LANGUAGE_STANDARD = "gnu++14";
				CLANG_CXX_LIBRARY = "libc++";
				CLANG_ENABLE_MODULES = YES;
				CLANG_ENABLE_OBJC_ARC = YES;
				CLANG_ENABLE_OBJC_WEAK = YES;
				CLANG_WARN_BLOCK_CAPTURE_AUTORELEASING = YES;
				CLANG_WARN_BOOL_CONVERSION = YES;
				CLANG_WARN_COMMA = YES;
				CLANG_WARN_CONSTANT_CONVERSION = YES;
				CLANG_WARN_DEPRECATED_OBJC_IMPLEMENTATIONS = YES;
				CLANG_WARN_DIRECT_OBJC_ISA_USAGE = YES_ERROR;
				CLANG_WARN_DOCUMENTATION_COMMENTS = YES;
				CLANG_WARN_EMPTY_BODY = YES;
				CLANG_WARN_ENUM_CONVERSION = YES;
				CLANG_WARN_INFINITE_RECURSION = YES;
				CLANG_WARN_INT_CONVERSION = YES;
				CLANG_WARN_NON_LITERAL_NULL_CONVERSION = YES;
				CLANG_WARN_OBJC_IMPLICIT_RETAIN_SELF = YES;
				CLANG_WARN_OBJC_LITERAL_CONVERSION = YES;
				CLANG_WARN_OBJC_ROOT_CLASS = YES_ERROR;
				CLANG_WARN_QUOTED_INCLUDE_IN_FRAMEWORK_HEADER = YES;
				CLANG_WARN_RANGE_LOOP_ANALYSIS = YES;
				CLANG_WARN_STRICT_PROTOTYPES = YES;
				CLANG_WARN_SUSPICIOUS_MOVE = YES;
				CLANG_WARN_UNGUARDED_AVAILABILITY = YES_AGGRESSIVE;
				CLANG_WARN_UNREACHABLE_CODE = YES;
				CLANG_WARN__DUPLICATE_METHOD_MATCH = YES;
				COPY_PHASE_STRIP = NO;
				DEBUG_INFORMATION_FORMAT = dwarf;
				ENABLE_STRICT_OBJC_MSGSEND = YES;
				ENABLE_TESTABILITY = YES;
				GCC_C_LANGUAGE_STANDARD = gnu11;
				GCC_DYNAMIC_NO_PIC = NO;
				GCC_NO_COMMON_BLOCKS = YES;
				GCC_OPTIMIZATION_LEVEL = 0;
				GCC_PREPROCESSOR_DEFINITIONS = (
					"DEBUG=1",
					"$(inherited)",
				);
				GCC_WARN_64_TO_32_BIT_CONVERSION = YES;
				GCC_WARN_ABOUT_RETURN_TYPE = YES_ERROR;
				GCC_WARN_UNDECLARED_SELECTOR = YES;
				GCC_WARN_UNINITIALIZED_AUTOS = YES_AGGRESSIVE;
				GCC_WARN_UNUSED_FUNCTION = YES;
				GCC_WARN_UNUSED_VARIABLE = YES;
				IPHONEOS_DEPLOYMENT_TARGET = 14.4;
				MTL_ENABLE_DEBUG_INFO = INCLUDE_SOURCE;
				MTL_FAST_MATH = YES;
				ONLY_ACTIVE_ARCH = YES;
				SDKROOT = iphoneos;
				SWIFT_ACTIVE_COMPILATION_CONDITIONS = DEBUG;
				SWIFT_OPTIMIZATION_LEVEL = "-Onone";
			};
			name = Debug;
		};
		A437BA36262D361E0052B43F /* Release */ = {
			isa = XCBuildConfiguration;
			buildSettings = {
				ALWAYS_SEARCH_USER_PATHS = NO;
				CLANG_ANALYZER_NONNULL = YES;
				CLANG_ANALYZER_NUMBER_OBJECT_CONVERSION = YES_AGGRESSIVE;
				CLANG_CXX_LANGUAGE_STANDARD = "gnu++14";
				CLANG_CXX_LIBRARY = "libc++";
				CLANG_ENABLE_MODULES = YES;
				CLANG_ENABLE_OBJC_ARC = YES;
				CLANG_ENABLE_OBJC_WEAK = YES;
				CLANG_WARN_BLOCK_CAPTURE_AUTORELEASING = YES;
				CLANG_WARN_BOOL_CONVERSION = YES;
				CLANG_WARN_COMMA = YES;
				CLANG_WARN_CONSTANT_CONVERSION = YES;
				CLANG_WARN_DEPRECATED_OBJC_IMPLEMENTATIONS = YES;
				CLANG_WARN_DIRECT_OBJC_ISA_USAGE = YES_ERROR;
				CLANG_WARN_DOCUMENTATION_COMMENTS = YES;
				CLANG_WARN_EMPTY_BODY = YES;
				CLANG_WARN_ENUM_CONVERSION = YES;
				CLANG_WARN_INFINITE_RECURSION = YES;
				CLANG_WARN_INT_CONVERSION = YES;
				CLANG_WARN_NON_LITERAL_NULL_CONVERSION = YES;
				CLANG_WARN_OBJC_IMPLICIT_RETAIN_SELF = YES;
				CLANG_WARN_OBJC_LITERAL_CONVERSION = YES;
				CLANG_WARN_OBJC_ROOT_CLASS = YES_ERROR;
				CLANG_WARN_QUOTED_INCLUDE_IN_FRAMEWORK_HEADER = YES;
				CLANG_WARN_RANGE_LOOP_ANALYSIS = YES;
				CLANG_WARN_STRICT_PROTOTYPES = YES;
				CLANG_WARN_SUSPICIOUS_MOVE = YES;
				CLANG_WARN_UNGUARDED_AVAILABILITY = YES_AGGRESSIVE;
				CLANG_WARN_UNREACHABLE_CODE = YES;
				CLANG_WARN__DUPLICATE_METHOD_MATCH = YES;
				COPY_PHASE_STRIP = NO;
				DEBUG_INFORMATION_FORMAT = "dwarf-with-dsym";
				ENABLE_NS_ASSERTIONS = NO;
				ENABLE_STRICT_OBJC_MSGSEND = YES;
				GCC_C_LANGUAGE_STANDARD = gnu11;
				GCC_NO_COMMON_BLOCKS = YES;
				GCC_WARN_64_TO_32_BIT_CONVERSION = YES;
				GCC_WARN_ABOUT_RETURN_TYPE = YES_ERROR;
				GCC_WARN_UNDECLARED_SELECTOR = YES;
				GCC_WARN_UNINITIALIZED_AUTOS = YES_AGGRESSIVE;
				GCC_WARN_UNUSED_FUNCTION = YES;
				GCC_WARN_UNUSED_VARIABLE = YES;
				IPHONEOS_DEPLOYMENT_TARGET = 14.4;
				MTL_ENABLE_DEBUG_INFO = NO;
				MTL_FAST_MATH = YES;
				SDKROOT = iphoneos;
				SWIFT_COMPILATION_MODE = wholemodule;
				SWIFT_OPTIMIZATION_LEVEL = "-O";
				VALIDATE_PRODUCT = YES;
			};
			name = Release;
		};
		A437BA38262D361E0052B43F /* Debug */ = {
			isa = XCBuildConfiguration;
			buildSettings = {
				ASSETCATALOG_COMPILER_APPICON_NAME = AppIcon;
				ASSETCATALOG_COMPILER_GLOBAL_ACCENT_COLOR_NAME = AccentColor;
				CODE_SIGN_STYLE = Automatic;
				DEVELOPMENT_ASSET_PATHS = "\"MovieAPI/Preview Content\"";
				DEVELOPMENT_TEAM = N9L2BN72PN;
				ENABLE_PREVIEWS = YES;
				INFOPLIST_FILE = MovieAPI/Info.plist;
				LD_RUNPATH_SEARCH_PATHS = (
					"$(inherited)",
					"@executable_path/Frameworks",
				);
				PRODUCT_BUNDLE_IDENTIFIER = GROWDEV.MovieAPI;
				PRODUCT_NAME = "$(TARGET_NAME)";
				SWIFT_VERSION = 5.0;
				TARGETED_DEVICE_FAMILY = "1,2";
			};
			name = Debug;
		};
		A437BA39262D361E0052B43F /* Release */ = {
			isa = XCBuildConfiguration;
			buildSettings = {
				ASSETCATALOG_COMPILER_APPICON_NAME = AppIcon;
				ASSETCATALOG_COMPILER_GLOBAL_ACCENT_COLOR_NAME = AccentColor;
				CODE_SIGN_STYLE = Automatic;
				DEVELOPMENT_ASSET_PATHS = "\"MovieAPI/Preview Content\"";
				DEVELOPMENT_TEAM = N9L2BN72PN;
				ENABLE_PREVIEWS = YES;
				INFOPLIST_FILE = MovieAPI/Info.plist;
				LD_RUNPATH_SEARCH_PATHS = (
					"$(inherited)",
					"@executable_path/Frameworks",
				);
				PRODUCT_BUNDLE_IDENTIFIER = GROWDEV.MovieAPI;
				PRODUCT_NAME = "$(TARGET_NAME)";
				SWIFT_VERSION = 5.0;
				TARGETED_DEVICE_FAMILY = "1,2";
			};
			name = Release;
		};
/* End XCBuildConfiguration section */

/* Begin XCConfigurationList section */
		A437BA1B262D361E0052B43F /* Build configuration list for PBXProject "MovieAPI" */ = {
			isa = XCConfigurationList;
			buildConfigurations = (
				A437BA35262D361E0052B43F /* Debug */,
				A437BA36262D361E0052B43F /* Release */,
			);
			defaultConfigurationIsVisible = 0;
			defaultConfigurationName = Release;
		};
		A437BA37262D361E0052B43F /* Build configuration list for PBXNativeTarget "MovieAPI" */ = {
			isa = XCConfigurationList;
			buildConfigurations = (
				A437BA38262D361E0052B43F /* Debug */,
				A437BA39262D361E0052B43F /* Release */,
			);
			defaultConfigurationIsVisible = 0;
			defaultConfigurationName = Release;
		};
/* End XCConfigurationList section */

/* Begin XCRemoteSwiftPackageReference section */
		A437BA3B262D39240052B43F /* XCRemoteSwiftPackageReference "SwiftyJSON" */ = {
			isa = XCRemoteSwiftPackageReference;
			repositoryURL = "https://github.com/SwiftyJSON/SwiftyJSON.git";
			requirement = {
				kind = upToNextMajorVersion;
				minimumVersion = 5.0.1;
			};
		};
		A437BA3F262D55680052B43F /* XCRemoteSwiftPackageReference "SDWebImageSwiftUI" */ = {
			isa = XCRemoteSwiftPackageReference;
			repositoryURL = "https://github.com/SDWebImage/SDWebImageSwiftUI.git";
			requirement = {
				kind = upToNextMajorVersion;
				minimumVersion = 2.0.2;
			};
		};
/* End XCRemoteSwiftPackageReference section */

/* Begin XCSwiftPackageProductDependency section */
		A437BA3C262D39240052B43F /* SwiftyJSON */ = {
			isa = XCSwiftPackageProductDependency;
			package = A437BA3B262D39240052B43F /* XCRemoteSwiftPackageReference "SwiftyJSON" */;
			productName = SwiftyJSON;
		};
		A437BA40262D55680052B43F /* SDWebImageSwiftUI */ = {
			isa = XCSwiftPackageProductDependency;
			package = A437BA3F262D55680052B43F /* XCRemoteSwiftPackageReference "SDWebImageSwiftUI" */;
			productName = SDWebImageSwiftUI;
		};
/* End XCSwiftPackageProductDependency section */

/* Begin XCVersionGroup section */
		A437BA29262D361E0052B43F /* MovieAPI.xcdatamodeld */ = {
			isa = XCVersionGroup;
			children = (
				A437BA2A262D361E0052B43F /* MovieAPI.xcdatamodel */,
			);
			currentVersion = A437BA2A262D361E0052B43F /* MovieAPI.xcdatamodel */;
			path = MovieAPI.xcdatamodeld;
			sourceTree = "<group>";
			versionGroupType = wrapper.xcdatamodel;
		};
/* End XCVersionGroup section */
	};
	rootObject = A437BA18262D361E0052B43F /* Project object */;
}
